
Microsoft Visual Studio Solution File, Format Version 12.00
# Visual Studio Version 16
VisualStudioVersion = 16.0.31624.102
MinimumVisualStudioVersion = 10.0.40219.1
Project("{8BC9CEB8-8B4A-11D0-8D11-00A0C91BC942}") = "21812158_김주환_HW1_2", "21812158_김주환_HW1_2\21812158_김주환_HW1_2.vcxproj", "{25E22705-2A33-4E19-9705-B5AF67B6A35B}"
EndProject
Global
	GlobalSection(SolutionConfigurationPlatforms) = preSolution
		Debug|x64 = Debug|x64
		Debug|x86 = Debug|x86
		Release|x64 = Release|x64
		Release|x86 = Release|x86
	EndGlobalSection
	GlobalSection(ProjectConfigurationPlatforms) = postSolution
		{25E22705-2A33-4E19-9705-B5AF67B6A35B}.Debug|x64.ActiveCfg = Debug|x64
		{25E22705-2A33-4E19-9705-B5AF67B6A35B}.Debug|x64.Build.0 = Debug|x64
		{25E22705-2A33-4E19-9705-B5AF67B6A35B}.Debug|x86.ActiveCfg = Debug|Win32
		{25E22705-2A33-4E19-9705-B5AF67B6A35B}.Debug|x86.Build.0 = Debug|Win32
		{25E22705-2A33-4E19-9705-B5AF67B6A35B}.Release|x64.ActiveCfg = Release|x64
		{25E22705-2A33-4E19-9705-B5AF67B6A35B}.Release|x64.Build.0 = Release|x64
		{25E22705-2A33-4E19-9705-B5AF67B6A35B}.Release|x86.ActiveCfg = Release|Win32
		{25E22705-2A33-4E19-9705-B5AF67B6A35B}.Release|x86.Build.0 = Release|Win32
	EndGlobalSection
	GlobalSection(SolutionProperties) = preSolution
		HideSolutionNode = FALSE
	EndGlobalSection
	GlobalSection(ExtensibilityGlobals) = postSolution
		SolutionGuid = {4DD5988A-4037-46E4-9AC6-A9F117B8B312}
	EndGlobalSection
EndGlobal
