
Microsoft Visual Studio Solution File, Format Version 12.00
# Visual Studio Version 16
VisualStudioVersion = 16.0.30717.126
MinimumVisualStudioVersion = 10.0.40219.1
Project("{8BC9CEB8-8B4A-11D0-8D11-00A0C91BC942}") = "OOP21_21812158_김주환_Lab1", "OOP21_21812158_김주환_Lab1\OOP21_21812158_김주환_Lab1.vcxproj", "{9F638C98-DFA3-4627-85BE-AB169BBCF1AA}"
EndProject
Global
	GlobalSection(SolutionConfigurationPlatforms) = preSolution
		Debug|x64 = Debug|x64
		Debug|x86 = Debug|x86
		Release|x64 = Release|x64
		Release|x86 = Release|x86
	EndGlobalSection
	GlobalSection(ProjectConfigurationPlatforms) = postSolution
		{9F638C98-DFA3-4627-85BE-AB169BBCF1AA}.Debug|x64.ActiveCfg = Debug|x64
		{9F638C98-DFA3-4627-85BE-AB169BBCF1AA}.Debug|x64.Build.0 = Debug|x64
		{9F638C98-DFA3-4627-85BE-AB169BBCF1AA}.Debug|x86.ActiveCfg = Debug|Win32
		{9F638C98-DFA3-4627-85BE-AB169BBCF1AA}.Debug|x86.Build.0 = Debug|Win32
		{9F638C98-DFA3-4627-85BE-AB169BBCF1AA}.Release|x64.ActiveCfg = Release|x64
		{9F638C98-DFA3-4627-85BE-AB169BBCF1AA}.Release|x64.Build.0 = Release|x64
		{9F638C98-DFA3-4627-85BE-AB169BBCF1AA}.Release|x86.ActiveCfg = Release|Win32
		{9F638C98-DFA3-4627-85BE-AB169BBCF1AA}.Release|x86.Build.0 = Release|Win32
	EndGlobalSection
	GlobalSection(SolutionProperties) = preSolution
		HideSolutionNode = FALSE
	EndGlobalSection
	GlobalSection(ExtensibilityGlobals) = postSolution
		SolutionGuid = {55D53ADE-3442-443E-BBCE-0385774FAE4F}
	EndGlobalSection
EndGlobal
