
Microsoft Visual Studio Solution File, Format Version 12.00
# Visual Studio Version 16
VisualStudioVersion = 16.0.31624.102
MinimumVisualStudioVersion = 10.0.40219.1
Project("{8BC9CEB8-8B4A-11D0-8D11-00A0C91BC942}") = "21812158_김주환_HW2", "21812158_김주환_HW2\21812158_김주환_HW2.vcxproj", "{C8B941CF-41E2-4295-A289-558B62BEC90E}"
EndProject
Global
	GlobalSection(SolutionConfigurationPlatforms) = preSolution
		Debug|x64 = Debug|x64
		Debug|x86 = Debug|x86
		Release|x64 = Release|x64
		Release|x86 = Release|x86
	EndGlobalSection
	GlobalSection(ProjectConfigurationPlatforms) = postSolution
		{C8B941CF-41E2-4295-A289-558B62BEC90E}.Debug|x64.ActiveCfg = Debug|x64
		{C8B941CF-41E2-4295-A289-558B62BEC90E}.Debug|x64.Build.0 = Debug|x64
		{C8B941CF-41E2-4295-A289-558B62BEC90E}.Debug|x86.ActiveCfg = Debug|Win32
		{C8B941CF-41E2-4295-A289-558B62BEC90E}.Debug|x86.Build.0 = Debug|Win32
		{C8B941CF-41E2-4295-A289-558B62BEC90E}.Release|x64.ActiveCfg = Release|x64
		{C8B941CF-41E2-4295-A289-558B62BEC90E}.Release|x64.Build.0 = Release|x64
		{C8B941CF-41E2-4295-A289-558B62BEC90E}.Release|x86.ActiveCfg = Release|Win32
		{C8B941CF-41E2-4295-A289-558B62BEC90E}.Release|x86.Build.0 = Release|Win32
	EndGlobalSection
	GlobalSection(SolutionProperties) = preSolution
		HideSolutionNode = FALSE
	EndGlobalSection
	GlobalSection(ExtensibilityGlobals) = postSolution
		SolutionGuid = {97DF61A5-56F4-41FC-89F5-B3D06EE09E23}
	EndGlobalSection
EndGlobal
